
Microsoft Visual Studio Solution File, Format Version 12.00
Project("{FAE04EC0-301F-11D3-BF4B-00C04F79EFBC}") = "ElmTreeFarmBackend", "ElmTreeFarmBackend\ElmTreeFarmBackend.csproj", "{3AEEAC2F-CA58-45CE-999C-4FB653F32C60}"
EndProject
Global
	GlobalSection(SolutionConfigurationPlatforms) = preSolution
		Debug|Any CPU = Debug|Any CPU
		Release|Any CPU = Release|Any CPU
	EndGlobalSection
	GlobalSection(ProjectConfigurationPlatforms) = postSolution
		{3AEEAC2F-CA58-45CE-999C-4FB653F32C60}.Debug|Any CPU.ActiveCfg = Debug|Any CPU
		{3AEEAC2F-CA58-45CE-999C-4FB653F32C60}.Debug|Any CPU.Build.0 = Debug|Any CPU
		{3AEEAC2F-CA58-45CE-999C-4FB653F32C60}.Release|Any CPU.ActiveCfg = Release|Any CPU
		{3AEEAC2F-CA58-45CE-999C-4FB653F32C60}.Release|Any CPU.Build.0 = Release|Any CPU
	EndGlobalSection
EndGlobal
